<?xml version="1.0" encoding="UTF-8" standalone="yes" ?>
<CodeBlocks_project_file>
	<FileVersion major="1" minor="6" />
	<Project>
		<Option title="IrisConsole" />
		<Option pch_mode="2" />
		<Option compiler="gcc" />
		<Build>
			<Target title="Debug">
				<Option output="bin/Debug/IrisConsole" prefix_auto="1" extension_auto="1" />
				<Option object_output="obj/Debug/" />
				<Option type="1" />
				<Option compiler="gcc" />
				<Compiler>
					<Add option="-g" />
				</Compiler>
			</Target>
			<Target title="Release">
				<Option output="bin/Release/IrisConsole" prefix_auto="1" extension_auto="1" />
				<Option object_output="obj/Release/" />
				<Option type="1" />
				<Option compiler="gcc" />
				<Compiler>
					<Add option="-O2" />
				</Compiler>
				<Linker>
					<Add option="-s" />
				</Linker>
			</Target>
		</Build>
		<Compiler>
			<Add option="-Wall" />
		</Compiler>
		<Unit filename="edgedetect.c">
			<Option compilerVar="CC" />
		</Unit>
		<Unit filename="edgedetect.h">
			<Option target="&lt;{~None~}&gt;" />
		</Unit>
		<Unit filename="histopreprocessing.c">
			<Option compilerVar="CC" />
		</Unit>
		<Unit filename="histopreprocessing.h">
			<Option target="&lt;{~None~}&gt;" />
		</Unit>
		<Unit filename="hough_transform.c">
			<Option compilerVar="CC" />
		</Unit>
		<Unit filename="hough_transform.h">
			<Option target="&lt;{~None~}&gt;" />
		</Unit>
		<Unit filename="intensitytransform.c">
			<Option compilerVar="CC" />
		</Unit>
		<Unit filename="intensitytransform.h">
			<Option target="&lt;{~None~}&gt;" />
		</Unit>
		<Unit filename="iomalloc.c">
			<Option compilerVar="CC" />
		</Unit>
		<Unit filename="iomalloc.h">
			<Option target="&lt;{~None~}&gt;" />
		</Unit>
		<Unit filename="iris_processing.c">
			<Option compilerVar="CC" />
		</Unit>
		<Unit filename="iris_processing.h">
			<Option target="&lt;{~None~}&gt;" />
		</Unit>
		<Unit filename="main.c">
			<Option compilerVar="CC" />
		</Unit>
		<Unit filename="morphprocessing.c">
			<Option compilerVar="CC" />
		</Unit>
		<Unit filename="morphprocessing.h">
			<Option target="&lt;{~None~}&gt;" />
		</Unit>
		<Unit filename="padding.c">
			<Option compilerVar="CC" />
		</Unit>
		<Unit filename="padding.h">
			<Option target="&lt;{~None~}&gt;" />
		</Unit>
		<Unit filename="parser.c">
			<Option compilerVar="CC" />
		</Unit>
		<Unit filename="parser.h">
			<Option target="&lt;{~None~}&gt;" />
		</Unit>
		<Unit filename="spatialfiltering.c">
			<Option compilerVar="CC" />
		</Unit>
		<Unit filename="spatialfiltering.h">
			<Option target="&lt;{~None~}&gt;" />
		</Unit>
		<Unit filename="structs.h">
			<Option target="&lt;{~None~}&gt;" />
		</Unit>
		<Extensions>
			<code_completion />
			<debugger />
		</Extensions>
	</Project>
</CodeBlocks_project_file>
